
Microsoft Visual Studio Solution File, Format Version 12.00
# Visual Studio Version 16
VisualStudioVersion = 16.0.31624.102
MinimumVisualStudioVersion = 10.0.40219.1
Project("{FAE04EC0-301F-11D3-BF4B-00C04F79EFBC}") = "PE8 - Q5", "PE8 - Q5.csproj", "{1C1EE199-D712-4FBB-9AF1-2767CD86B131}"
EndProject
Global
	GlobalSection(SolutionConfigurationPlatforms) = preSolution
		Debug|Any CPU = Debug|Any CPU
		Release|Any CPU = Release|Any CPU
	EndGlobalSection
	GlobalSection(ProjectConfigurationPlatforms) = postSolution
		{1C1EE199-D712-4FBB-9AF1-2767CD86B131}.Debug|Any CPU.ActiveCfg = Debug|Any CPU
		{1C1EE199-D712-4FBB-9AF1-2767CD86B131}.Debug|Any CPU.Build.0 = Debug|Any CPU
		{1C1EE199-D712-4FBB-9AF1-2767CD86B131}.Release|Any CPU.ActiveCfg = Release|Any CPU
		{1C1EE199-D712-4FBB-9AF1-2767CD86B131}.Release|Any CPU.Build.0 = Release|Any CPU
	EndGlobalSection
	GlobalSection(SolutionProperties) = preSolution
		HideSolutionNode = FALSE
	EndGlobalSection
	GlobalSection(ExtensibilityGlobals) = postSolution
		SolutionGuid = {0C1AAB16-4908-48F8-A870-F237D73104C0}
	EndGlobalSection
EndGlobal
