
Microsoft Visual Studio Solution File, Format Version 12.00
# Visual Studio Version 16
VisualStudioVersion = 16.0.31624.102
MinimumVisualStudioVersion = 10.0.40219.1
Project("{FAE04EC0-301F-11D3-BF4B-00C04F79EFBC}") = "UT1 - Q3", "UT1 - Q3.csproj", "{E065F4E7-6260-4252-825B-59977504206F}"
EndProject
Global
	GlobalSection(SolutionConfigurationPlatforms) = preSolution
		Debug|Any CPU = Debug|Any CPU
		Release|Any CPU = Release|Any CPU
	EndGlobalSection
	GlobalSection(ProjectConfigurationPlatforms) = postSolution
		{E065F4E7-6260-4252-825B-59977504206F}.Debug|Any CPU.ActiveCfg = Debug|Any CPU
		{E065F4E7-6260-4252-825B-59977504206F}.Debug|Any CPU.Build.0 = Debug|Any CPU
		{E065F4E7-6260-4252-825B-59977504206F}.Release|Any CPU.ActiveCfg = Release|Any CPU
		{E065F4E7-6260-4252-825B-59977504206F}.Release|Any CPU.Build.0 = Release|Any CPU
	EndGlobalSection
	GlobalSection(SolutionProperties) = preSolution
		HideSolutionNode = FALSE
	EndGlobalSection
	GlobalSection(ExtensibilityGlobals) = postSolution
		SolutionGuid = {0D266C2C-4F5F-4DAB-AA44-FC415611522A}
	EndGlobalSection
EndGlobal
