
Microsoft Visual Studio Solution File, Format Version 12.00
# Visual Studio Version 16
VisualStudioVersion = 16.0.31624.102
MinimumVisualStudioVersion = 10.0.40219.1
Project("{FAE04EC0-301F-11D3-BF4B-00C04F79EFBC}") = "UT3-Q7", "UT3-Q7.csproj", "{BD7C2A00-3FCF-461C-86AD-0923DF36CE65}"
EndProject
Global
	GlobalSection(SolutionConfigurationPlatforms) = preSolution
		Debug|Any CPU = Debug|Any CPU
		Release|Any CPU = Release|Any CPU
	EndGlobalSection
	GlobalSection(ProjectConfigurationPlatforms) = postSolution
		{BD7C2A00-3FCF-461C-86AD-0923DF36CE65}.Debug|Any CPU.ActiveCfg = Debug|Any CPU
		{BD7C2A00-3FCF-461C-86AD-0923DF36CE65}.Debug|Any CPU.Build.0 = Debug|Any CPU
		{BD7C2A00-3FCF-461C-86AD-0923DF36CE65}.Release|Any CPU.ActiveCfg = Release|Any CPU
		{BD7C2A00-3FCF-461C-86AD-0923DF36CE65}.Release|Any CPU.Build.0 = Release|Any CPU
	EndGlobalSection
	GlobalSection(SolutionProperties) = preSolution
		HideSolutionNode = FALSE
	EndGlobalSection
	GlobalSection(ExtensibilityGlobals) = postSolution
		SolutionGuid = {F2C6CB37-2FC7-4C5E-84BF-9601C1DB2FDD}
	EndGlobalSection
EndGlobal
