
Microsoft Visual Studio Solution File, Format Version 12.00
# Visual Studio Version 16
VisualStudioVersion = 16.0.31624.102
MinimumVisualStudioVersion = 10.0.40219.1
Project("{FAE04EC0-301F-11D3-BF4B-00C04F79EFBC}") = "PE12 - Q7", "PE12 - Q7.csproj", "{FAB21FFD-3606-436B-9183-7FA85155D216}"
EndProject
Global
	GlobalSection(SolutionConfigurationPlatforms) = preSolution
		Debug|Any CPU = Debug|Any CPU
		Release|Any CPU = Release|Any CPU
	EndGlobalSection
	GlobalSection(ProjectConfigurationPlatforms) = postSolution
		{FAB21FFD-3606-436B-9183-7FA85155D216}.Debug|Any CPU.ActiveCfg = Debug|Any CPU
		{FAB21FFD-3606-436B-9183-7FA85155D216}.Debug|Any CPU.Build.0 = Debug|Any CPU
		{FAB21FFD-3606-436B-9183-7FA85155D216}.Release|Any CPU.ActiveCfg = Release|Any CPU
		{FAB21FFD-3606-436B-9183-7FA85155D216}.Release|Any CPU.Build.0 = Release|Any CPU
	EndGlobalSection
	GlobalSection(SolutionProperties) = preSolution
		HideSolutionNode = FALSE
	EndGlobalSection
	GlobalSection(ExtensibilityGlobals) = postSolution
		SolutionGuid = {3C278E41-09F8-42BD-B0E6-B7CDAC20F922}
	EndGlobalSection
EndGlobal
