
Microsoft Visual Studio Solution File, Format Version 12.00
# Visual Studio Version 16
VisualStudioVersion = 16.0.31624.102
MinimumVisualStudioVersion = 10.0.40219.1
Project("{FAE04EC0-301F-11D3-BF4B-00C04F79EFBC}") = "UT1 - Q14", "UT1 - Q14.csproj", "{C0B65107-7912-40DC-868B-345C59B96002}"
EndProject
Global
	GlobalSection(SolutionConfigurationPlatforms) = preSolution
		Debug|Any CPU = Debug|Any CPU
		Release|Any CPU = Release|Any CPU
	EndGlobalSection
	GlobalSection(ProjectConfigurationPlatforms) = postSolution
		{C0B65107-7912-40DC-868B-345C59B96002}.Debug|Any CPU.ActiveCfg = Debug|Any CPU
		{C0B65107-7912-40DC-868B-345C59B96002}.Debug|Any CPU.Build.0 = Debug|Any CPU
		{C0B65107-7912-40DC-868B-345C59B96002}.Release|Any CPU.ActiveCfg = Release|Any CPU
		{C0B65107-7912-40DC-868B-345C59B96002}.Release|Any CPU.Build.0 = Release|Any CPU
	EndGlobalSection
	GlobalSection(SolutionProperties) = preSolution
		HideSolutionNode = FALSE
	EndGlobalSection
	GlobalSection(ExtensibilityGlobals) = postSolution
		SolutionGuid = {89CAEC65-A305-44FC-8E9A-F1B0FC1AD03C}
	EndGlobalSection
EndGlobal
