
Microsoft Visual Studio Solution File, Format Version 12.00
# Visual Studio Version 16
VisualStudioVersion = 16.0.31624.102
MinimumVisualStudioVersion = 10.0.40219.1
Project("{FAE04EC0-301F-11D3-BF4B-00C04F79EFBC}") = "PE12 - Q6", "PE12 - Q6.csproj", "{A400B935-3D13-4B03-A5AE-BF08BDDA0A58}"
EndProject
Global
	GlobalSection(SolutionConfigurationPlatforms) = preSolution
		Debug|Any CPU = Debug|Any CPU
		Release|Any CPU = Release|Any CPU
	EndGlobalSection
	GlobalSection(ProjectConfigurationPlatforms) = postSolution
		{A400B935-3D13-4B03-A5AE-BF08BDDA0A58}.Debug|Any CPU.ActiveCfg = Debug|Any CPU
		{A400B935-3D13-4B03-A5AE-BF08BDDA0A58}.Debug|Any CPU.Build.0 = Debug|Any CPU
		{A400B935-3D13-4B03-A5AE-BF08BDDA0A58}.Release|Any CPU.ActiveCfg = Release|Any CPU
		{A400B935-3D13-4B03-A5AE-BF08BDDA0A58}.Release|Any CPU.Build.0 = Release|Any CPU
	EndGlobalSection
	GlobalSection(SolutionProperties) = preSolution
		HideSolutionNode = FALSE
	EndGlobalSection
	GlobalSection(ExtensibilityGlobals) = postSolution
		SolutionGuid = {14339CBA-38CC-476C-B87D-0ACA1EB95AE7}
	EndGlobalSection
EndGlobal
