
Microsoft Visual Studio Solution File, Format Version 12.00
# Visual Studio Version 16
VisualStudioVersion = 16.0.31624.102
MinimumVisualStudioVersion = 10.0.40219.1
Project("{FAE04EC0-301F-11D3-BF4B-00C04F79EFBC}") = "UT3 - Q2", "UT3 - Q2.csproj", "{FED69285-6D2A-4EB7-A3E1-96E410964030}"
EndProject
Global
	GlobalSection(SolutionConfigurationPlatforms) = preSolution
		Debug|Any CPU = Debug|Any CPU
		Release|Any CPU = Release|Any CPU
	EndGlobalSection
	GlobalSection(ProjectConfigurationPlatforms) = postSolution
		{FED69285-6D2A-4EB7-A3E1-96E410964030}.Debug|Any CPU.ActiveCfg = Debug|Any CPU
		{FED69285-6D2A-4EB7-A3E1-96E410964030}.Debug|Any CPU.Build.0 = Debug|Any CPU
		{FED69285-6D2A-4EB7-A3E1-96E410964030}.Release|Any CPU.ActiveCfg = Release|Any CPU
		{FED69285-6D2A-4EB7-A3E1-96E410964030}.Release|Any CPU.Build.0 = Release|Any CPU
	EndGlobalSection
	GlobalSection(SolutionProperties) = preSolution
		HideSolutionNode = FALSE
	EndGlobalSection
	GlobalSection(ExtensibilityGlobals) = postSolution
		SolutionGuid = {7C8F52EF-1390-4779-A28E-325B2CDA3432}
	EndGlobalSection
EndGlobal
